// !$*UTF8*$!
{
	archiveVersion = 1;
	classes = {
	};
	objectVersion = 50;
	objects = {

/* Begin PBXBuildFile section */
		BA513926242107F500044D6A /* AppDelegate.swift in Sources */ = {isa = PBXBuildFile; fileRef = BA513925242107F500044D6A /* AppDelegate.swift */; };
		BA513928242107F500044D6A /* SceneDelegate.swift in Sources */ = {isa = PBXBuildFile; fileRef = BA513927242107F500044D6A /* SceneDelegate.swift */; };
		BA51392A242107F500044D6A /* SearchViewController.swift in Sources */ = {isa = PBXBuildFile; fileRef = BA513929242107F500044D6A /* SearchViewController.swift */; };
		BA51392C242107F500044D6A /* FavoriteViewController.swift in Sources */ = {isa = PBXBuildFile; fileRef = BA51392B242107F500044D6A /* FavoriteViewController.swift */; };
		BA51392F242107F500044D6A /* Main.storyboard in Resources */ = {isa = PBXBuildFile; fileRef = BA51392D242107F500044D6A /* Main.storyboard */; };
		BA513932242107F500044D6A /* FavoriteGifs.xcdatamodeld in Sources */ = {isa = PBXBuildFile; fileRef = BA513930242107F500044D6A /* FavoriteGifs.xcdatamodeld */; };
		BA513934242107F800044D6A /* Assets.xcassets in Resources */ = {isa = PBXBuildFile; fileRef = BA513933242107F800044D6A /* Assets.xcassets */; };
		BA513937242107F800044D6A /* LaunchScreen.storyboard in Resources */ = {isa = PBXBuildFile; fileRef = BA513935242107F800044D6A /* LaunchScreen.storyboard */; };
		BA513942242107F800044D6A /* FavoriteGifsTests.swift in Sources */ = {isa = PBXBuildFile; fileRef = BA513941242107F800044D6A /* FavoriteGifsTests.swift */; };
		BA51394D242107F800044D6A /* FavoriteGifsUITests.swift in Sources */ = {isa = PBXBuildFile; fileRef = BA51394C242107F800044D6A /* FavoriteGifsUITests.swift */; };
		BA56B320242B9DCE00E6DBB0 /* DetailViewController.swift in Sources */ = {isa = PBXBuildFile; fileRef = BA56B31F242B9DCE00E6DBB0 /* DetailViewController.swift */; };
		BAA20590242A50AF0025C73E /* GifCollectionViewCell.swift in Sources */ = {isa = PBXBuildFile; fileRef = BAA2058F242A50AF0025C73E /* GifCollectionViewCell.swift */; };
		BAC09926242A2AB2004D2F96 /* Gif.swift in Sources */ = {isa = PBXBuildFile; fileRef = BAC09925242A2AB2004D2F96 /* Gif.swift */; };
		BAC09929242A3160004D2F96 /* NetworkError.swift in Sources */ = {isa = PBXBuildFile; fileRef = BAC09928242A3160004D2F96 /* NetworkError.swift */; };
		BAC0992C242A366B004D2F96 /* DynamicHeightCollectionViewLayout.swift in Sources */ = {isa = PBXBuildFile; fileRef = BAC0992B242A366B004D2F96 /* DynamicHeightCollectionViewLayout.swift */; };
		BAC0B90A242E440100B6FEBC /* Pagination.swift in Sources */ = {isa = PBXBuildFile; fileRef = BAC0B909242E440100B6FEBC /* Pagination.swift */; };
		BAC0B90C242E4CF700B6FEBC /* UIImage+Extensions.swift in Sources */ = {isa = PBXBuildFile; fileRef = BAC0B90B242E4CF700B6FEBC /* UIImage+Extensions.swift */; };
		BAC0B90E242E4E2300B6FEBC /* UIImageView+Extensions.swift in Sources */ = {isa = PBXBuildFile; fileRef = BAC0B90D242E4E2300B6FEBC /* UIImageView+Extensions.swift */; };
		BAC0B9122430D3F800B6FEBC /* DetailViewControllerTests.swift in Sources */ = {isa = PBXBuildFile; fileRef = BAC0B9112430D3F800B6FEBC /* DetailViewControllerTests.swift */; };
		BAED0431242BA9E600DCA115 /* FavoriteGif+CoreDataClass.swift in Sources */ = {isa = PBXBuildFile; fileRef = BAED042F242BA9E600DCA115 /* FavoriteGif+CoreDataClass.swift */; };
		BAED0432242BA9E600DCA115 /* FavoriteGif+CoreDataProperties.swift in Sources */ = {isa = PBXBuildFile; fileRef = BAED0430242BA9E600DCA115 /* FavoriteGif+CoreDataProperties.swift */; };
		BAED0434242BAA2800DCA115 /* DataController.swift in Sources */ = {isa = PBXBuildFile; fileRef = BAED0433242BAA2800DCA115 /* DataController.swift */; };
/* End PBXBuildFile section */

/* Begin PBXContainerItemProxy section */
		BA51393E242107F800044D6A /* PBXContainerItemProxy */ = {
			isa = PBXContainerItemProxy;
			containerPortal = BA51391A242107F500044D6A /* Project object */;
			proxyType = 1;
			remoteGlobalIDString = BA513921242107F500044D6A;
			remoteInfo = FavoriteGifs;
		};
		BA513949242107F800044D6A /* PBXContainerItemProxy */ = {
			isa = PBXContainerItemProxy;
			containerPortal = BA51391A242107F500044D6A /* Project object */;
			proxyType = 1;
			remoteGlobalIDString = BA513921242107F500044D6A;
			remoteInfo = FavoriteGifs;
		};
/* End PBXContainerItemProxy section */

/* Begin PBXFileReference section */
		BA513922242107F500044D6A /* FavoriteGifs.app */ = {isa = PBXFileReference; explicitFileType = wrapper.application; includeInIndex = 0; path = FavoriteGifs.app; sourceTree = BUILT_PRODUCTS_DIR; };
		BA513925242107F500044D6A /* AppDelegate.swift */ = {isa = PBXFileReference; lastKnownFileType = sourcecode.swift; path = AppDelegate.swift; sourceTree = "<group>"; };
		BA513927242107F500044D6A /* SceneDelegate.swift */ = {isa = PBXFileReference; lastKnownFileType = sourcecode.swift; path = SceneDelegate.swift; sourceTree = "<group>"; };
		BA513929242107F500044D6A /* SearchViewController.swift */ = {isa = PBXFileReference; lastKnownFileType = sourcecode.swift; path = SearchViewController.swift; sourceTree = "<group>"; };
		BA51392B242107F500044D6A /* FavoriteViewController.swift */ = {isa = PBXFileReference; lastKnownFileType = sourcecode.swift; path = FavoriteViewController.swift; sourceTree = "<group>"; };
		BA51392E242107F500044D6A /* Base */ = {isa = PBXFileReference; lastKnownFileType = file.storyboard; name = Base; path = Base.lproj/Main.storyboard; sourceTree = "<group>"; };
		BA513931242107F500044D6A /* FavoriteGifs.xcdatamodel */ = {isa = PBXFileReference; lastKnownFileType = wrapper.xcdatamodel; path = FavoriteGifs.xcdatamodel; sourceTree = "<group>"; };
		BA513933242107F800044D6A /* Assets.xcassets */ = {isa = PBXFileReference; lastKnownFileType = folder.assetcatalog; path = Assets.xcassets; sourceTree = "<group>"; };
		BA513936242107F800044D6A /* Base */ = {isa = PBXFileReference; lastKnownFileType = file.storyboard; name = Base; path = Base.lproj/LaunchScreen.storyboard; sourceTree = "<group>"; };
		BA513938242107F800044D6A /* Info.plist */ = {isa = PBXFileReference; lastKnownFileType = text.plist.xml; path = Info.plist; sourceTree = "<group>"; };
		BA51393D242107F800044D6A /* FavoriteGifsTests.xctest */ = {isa = PBXFileReference; explicitFileType = wrapper.cfbundle; includeInIndex = 0; path = FavoriteGifsTests.xctest; sourceTree = BUILT_PRODUCTS_DIR; };
		BA513941242107F800044D6A /* FavoriteGifsTests.swift */ = {isa = PBXFileReference; lastKnownFileType = sourcecode.swift; path = FavoriteGifsTests.swift; sourceTree = "<group>"; };
		BA513943242107F800044D6A /* Info.plist */ = {isa = PBXFileReference; lastKnownFileType = text.plist.xml; path = Info.plist; sourceTree = "<group>"; };
		BA513948242107F800044D6A /* FavoriteGifsUITests.xctest */ = {isa = PBXFileReference; explicitFileType = wrapper.cfbundle; includeInIndex = 0; path = FavoriteGifsUITests.xctest; sourceTree = BUILT_PRODUCTS_DIR; };
		BA51394C242107F800044D6A /* FavoriteGifsUITests.swift */ = {isa = PBXFileReference; lastKnownFileType = sourcecode.swift; path = FavoriteGifsUITests.swift; sourceTree = "<group>"; };
		BA51394E242107F800044D6A /* Info.plist */ = {isa = PBXFileReference; lastKnownFileType = text.plist.xml; path = Info.plist; sourceTree = "<group>"; };
		BA56B31F242B9DCE00E6DBB0 /* DetailViewController.swift */ = {isa = PBXFileReference; lastKnownFileType = sourcecode.swift; path = DetailViewController.swift; sourceTree = "<group>"; };
		BAA2058F242A50AF0025C73E /* GifCollectionViewCell.swift */ = {isa = PBXFileReference; lastKnownFileType = sourcecode.swift; path = GifCollectionViewCell.swift; sourceTree = "<group>"; };
		BAC09925242A2AB2004D2F96 /* Gif.swift */ = {isa = PBXFileReference; lastKnownFileType = sourcecode.swift; path = Gif.swift; sourceTree = "<group>"; };
		BAC09928242A3160004D2F96 /* NetworkError.swift */ = {isa = PBXFileReference; lastKnownFileType = sourcecode.swift; path = NetworkError.swift; sourceTree = "<group>"; };
		BAC0992B242A366B004D2F96 /* DynamicHeightCollectionViewLayout.swift */ = {isa = PBXFileReference; lastKnownFileType = sourcecode.swift; path = DynamicHeightCollectionViewLayout.swift; sourceTree = "<group>"; };
		BAC0B909242E440100B6FEBC /* Pagination.swift */ = {isa = PBXFileReference; lastKnownFileType = sourcecode.swift; path = Pagination.swift; sourceTree = "<group>"; };
		BAC0B90B242E4CF700B6FEBC /* UIImage+Extensions.swift */ = {isa = PBXFileReference; lastKnownFileType = sourcecode.swift; path = "UIImage+Extensions.swift"; sourceTree = "<group>"; };
		BAC0B90D242E4E2300B6FEBC /* UIImageView+Extensions.swift */ = {isa = PBXFileReference; lastKnownFileType = sourcecode.swift; path = "UIImageView+Extensions.swift"; sourceTree = "<group>"; };
		BAC0B9112430D3F800B6FEBC /* DetailViewControllerTests.swift */ = {isa = PBXFileReference; lastKnownFileType = sourcecode.swift; path = DetailViewControllerTests.swift; sourceTree = "<group>"; };
		BAED042F242BA9E600DCA115 /* FavoriteGif+CoreDataClass.swift */ = {isa = PBXFileReference; lastKnownFileType = sourcecode.swift; path = "FavoriteGif+CoreDataClass.swift"; sourceTree = "<group>"; };
		BAED0430242BA9E600DCA115 /* FavoriteGif+CoreDataProperties.swift */ = {isa = PBXFileReference; lastKnownFileType = sourcecode.swift; path = "FavoriteGif+CoreDataProperties.swift"; sourceTree = "<group>"; };
		BAED0433242BAA2800DCA115 /* DataController.swift */ = {isa = PBXFileReference; lastKnownFileType = sourcecode.swift; path = DataController.swift; sourceTree = "<group>"; };
/* End PBXFileReference section */

/* Begin PBXFrameworksBuildPhase section */
		BA51391F242107F500044D6A /* Frameworks */ = {
			isa = PBXFrameworksBuildPhase;
			buildActionMask = 2147483647;
			files = (
			);
			runOnlyForDeploymentPostprocessing = 0;
		};
		BA51393A242107F800044D6A /* Frameworks */ = {
			isa = PBXFrameworksBuildPhase;
			buildActionMask = 2147483647;
			files = (
			);
			runOnlyForDeploymentPostprocessing = 0;
		};
		BA513945242107F800044D6A /* Frameworks */ = {
			isa = PBXFrameworksBuildPhase;
			buildActionMask = 2147483647;
			files = (
			);
			runOnlyForDeploymentPostprocessing = 0;
		};
/* End PBXFrameworksBuildPhase section */

/* Begin PBXGroup section */
		BA513919242107F500044D6A = {
			isa = PBXGroup;
			children = (
				BA513924242107F500044D6A /* FavoriteGifs */,
				BA513940242107F800044D6A /* FavoriteGifsTests */,
				BA51394B242107F800044D6A /* FavoriteGifsUITests */,
				BA513923242107F500044D6A /* Products */,
			);
			sourceTree = "<group>";
		};
		BA513923242107F500044D6A /* Products */ = {
			isa = PBXGroup;
			children = (
				BA513922242107F500044D6A /* FavoriteGifs.app */,
				BA51393D242107F800044D6A /* FavoriteGifsTests.xctest */,
				BA513948242107F800044D6A /* FavoriteGifsUITests.xctest */,
			);
			name = Products;
			sourceTree = "<group>";
		};
		BA513924242107F500044D6A /* FavoriteGifs */ = {
			isa = PBXGroup;
			children = (
				BAC09927242A3147004D2F96 /* Util */,
				BAC09924242A2A25004D2F96 /* Models */,
				BAC0992A242A3648004D2F96 /* Views */,
				BAC0992D242A3689004D2F96 /* ViewControllers */,
				BA513925242107F500044D6A /* AppDelegate.swift */,
				BA513927242107F500044D6A /* SceneDelegate.swift */,
				BA51392D242107F500044D6A /* Main.storyboard */,
				BA513933242107F800044D6A /* Assets.xcassets */,
				BA513935242107F800044D6A /* LaunchScreen.storyboard */,
				BA513938242107F800044D6A /* Info.plist */,
				BA513930242107F500044D6A /* FavoriteGifs.xcdatamodeld */,
			);
			path = FavoriteGifs;
			sourceTree = "<group>";
		};
		BA513940242107F800044D6A /* FavoriteGifsTests */ = {
			isa = PBXGroup;
			children = (
				BA513941242107F800044D6A /* FavoriteGifsTests.swift */,
				BA513943242107F800044D6A /* Info.plist */,
				BAC0B9112430D3F800B6FEBC /* DetailViewControllerTests.swift */,
			);
			path = FavoriteGifsTests;
			sourceTree = "<group>";
		};
		BA51394B242107F800044D6A /* FavoriteGifsUITests */ = {
			isa = PBXGroup;
			children = (
				BA51394C242107F800044D6A /* FavoriteGifsUITests.swift */,
				BA51394E242107F800044D6A /* Info.plist */,
			);
			path = FavoriteGifsUITests;
			sourceTree = "<group>";
		};
		BAC09924242A2A25004D2F96 /* Models */ = {
			isa = PBXGroup;
			children = (
				BAED042F242BA9E600DCA115 /* FavoriteGif+CoreDataClass.swift */,
				BAED0430242BA9E600DCA115 /* FavoriteGif+CoreDataProperties.swift */,
				BAC09925242A2AB2004D2F96 /* Gif.swift */,
				BAC0B909242E440100B6FEBC /* Pagination.swift */,
			);
			path = Models;
			sourceTree = "<group>";
		};
		BAC09927242A3147004D2F96 /* Util */ = {
			isa = PBXGroup;
			children = (
				BAC09928242A3160004D2F96 /* NetworkError.swift */,
				BAED0433242BAA2800DCA115 /* DataController.swift */,
				BAC0B90B242E4CF700B6FEBC /* UIImage+Extensions.swift */,
				BAC0B90D242E4E2300B6FEBC /* UIImageView+Extensions.swift */,
			);
			path = Util;
			sourceTree = "<group>";
		};
		BAC0992A242A3648004D2F96 /* Views */ = {
			isa = PBXGroup;
			children = (
				BAC0992B242A366B004D2F96 /* DynamicHeightCollectionViewLayout.swift */,
				BAA2058F242A50AF0025C73E /* GifCollectionViewCell.swift */,
			);
			path = Views;
			sourceTree = "<group>";
		};
		BAC0992D242A3689004D2F96 /* ViewControllers */ = {
			isa = PBXGroup;
			children = (
				BA513929242107F500044D6A /* SearchViewController.swift */,
				BA51392B242107F500044D6A /* FavoriteViewController.swift */,
				BA56B31F242B9DCE00E6DBB0 /* DetailViewController.swift */,
			);
			path = ViewControllers;
			sourceTree = "<group>";
		};
/* End PBXGroup section */

/* Begin PBXNativeTarget section */
		BA513921242107F500044D6A /* FavoriteGifs */ = {
			isa = PBXNativeTarget;
			buildConfigurationList = BA513951242107F800044D6A /* Build configuration list for PBXNativeTarget "FavoriteGifs" */;
			buildPhases = (
				BA51391E242107F500044D6A /* Sources */,
				BA51391F242107F500044D6A /* Frameworks */,
				BA513920242107F500044D6A /* Resources */,
			);
			buildRules = (
			);
			dependencies = (
			);
			name = FavoriteGifs;
			productName = FavoriteGifs;
			productReference = BA513922242107F500044D6A /* FavoriteGifs.app */;
			productType = "com.apple.product-type.application";
		};
		BA51393C242107F800044D6A /* FavoriteGifsTests */ = {
			isa = PBXNativeTarget;
			buildConfigurationList = BA513954242107F800044D6A /* Build configuration list for PBXNativeTarget "FavoriteGifsTests" */;
			buildPhases = (
				BA513939242107F800044D6A /* Sources */,
				BA51393A242107F800044D6A /* Frameworks */,
				BA51393B242107F800044D6A /* Resources */,
			);
			buildRules = (
			);
			dependencies = (
				BA51393F242107F800044D6A /* PBXTargetDependency */,
			);
			name = FavoriteGifsTests;
			productName = FavoriteGifsTests;
			productReference = BA51393D242107F800044D6A /* FavoriteGifsTests.xctest */;
			productType = "com.apple.product-type.bundle.unit-test";
		};
		BA513947242107F800044D6A /* FavoriteGifsUITests */ = {
			isa = PBXNativeTarget;
			buildConfigurationList = BA513957242107F800044D6A /* Build configuration list for PBXNativeTarget "FavoriteGifsUITests" */;
			buildPhases = (
				BA513944242107F800044D6A /* Sources */,
				BA513945242107F800044D6A /* Frameworks */,
				BA513946242107F800044D6A /* Resources */,
			);
			buildRules = (
			);
			dependencies = (
				BA51394A242107F800044D6A /* PBXTargetDependency */,
			);
			name = FavoriteGifsUITests;
			productName = FavoriteGifsUITests;
			productReference = BA513948242107F800044D6A /* FavoriteGifsUITests.xctest */;
			productType = "com.apple.product-type.bundle.ui-testing";
		};
/* End PBXNativeTarget section */

/* Begin PBXProject section */
		BA51391A242107F500044D6A /* Project object */ = {
			isa = PBXProject;
			attributes = {
				LastSwiftUpdateCheck = 1130;
				LastUpgradeCheck = 1130;
				ORGANIZATIONNAME = "Jihyun Son";
				TargetAttributes = {
					BA513921242107F500044D6A = {
						CreatedOnToolsVersion = 11.3.1;
					};
					BA51393C242107F800044D6A = {
						CreatedOnToolsVersion = 11.3.1;
						TestTargetID = BA513921242107F500044D6A;
					};
					BA513947242107F800044D6A = {
						CreatedOnToolsVersion = 11.3.1;
						TestTargetID = BA513921242107F500044D6A;
					};
				};
			};
			buildConfigurationList = BA51391D242107F500044D6A /* Build configuration list for PBXProject "FavoriteGifs" */;
			compatibilityVersion = "Xcode 9.3";
			developmentRegion = en;
			hasScannedForEncodings = 0;
			knownRegions = (
				en,
				Base,
			);
			mainGroup = BA513919242107F500044D6A;
			productRefGroup = BA513923242107F500044D6A /* Products */;
			projectDirPath = "";
			projectRoot = "";
			targets = (
				BA513921242107F500044D6A /* FavoriteGifs */,
				BA51393C242107F800044D6A /* FavoriteGifsTests */,
				BA513947242107F800044D6A /* FavoriteGifsUITests */,
			);
		};
/* End PBXProject section */

/* Begin PBXResourcesBuildPhase section */
		BA513920242107F500044D6A /* Resources */ = {
			isa = PBXResourcesBuildPhase;
			buildActionMask = 2147483647;
			files = (
				BA513937242107F800044D6A /* LaunchScreen.storyboard in Resources */,
				BA513934242107F800044D6A /* Assets.xcassets in Resources */,
				BA51392F242107F500044D6A /* Main.storyboard in Resources */,
			);
			runOnlyForDeploymentPostprocessing = 0;
		};
		BA51393B242107F800044D6A /* Resources */ = {
			isa = PBXResourcesBuildPhase;
			buildActionMask = 2147483647;
			files = (
			);
			runOnlyForDeploymentPostprocessing = 0;
		};
		BA513946242107F800044D6A /* Resources */ = {
			isa = PBXResourcesBuildPhase;
			buildActionMask = 2147483647;
			files = (
			);
			runOnlyForDeploymentPostprocessing = 0;
		};
/* End PBXResourcesBuildPhase section */

/* Begin PBXSourcesBuildPhase section */
		BA51391E242107F500044D6A /* Sources */ = {
			isa = PBXSourcesBuildPhase;
			buildActionMask = 2147483647;
			files = (
				BA51392C242107F500044D6A /* FavoriteViewController.swift in Sources */,
				BAED0431242BA9E600DCA115 /* FavoriteGif+CoreDataClass.swift in Sources */,
				BA51392A242107F500044D6A /* SearchViewController.swift in Sources */,
				BAC0B90A242E440100B6FEBC /* Pagination.swift in Sources */,
				BAC09929242A3160004D2F96 /* NetworkError.swift in Sources */,
				BAED0432242BA9E600DCA115 /* FavoriteGif+CoreDataProperties.swift in Sources */,
				BAC09926242A2AB2004D2F96 /* Gif.swift in Sources */,
				BA513926242107F500044D6A /* AppDelegate.swift in Sources */,
				BAC0992C242A366B004D2F96 /* DynamicHeightCollectionViewLayout.swift in Sources */,
				BAA20590242A50AF0025C73E /* GifCollectionViewCell.swift in Sources */,
				BA56B320242B9DCE00E6DBB0 /* DetailViewController.swift in Sources */,
				BA513928242107F500044D6A /* SceneDelegate.swift in Sources */,
				BAC0B90C242E4CF700B6FEBC /* UIImage+Extensions.swift in Sources */,
				BAED0434242BAA2800DCA115 /* DataController.swift in Sources */,
				BAC0B90E242E4E2300B6FEBC /* UIImageView+Extensions.swift in Sources */,
				BA513932242107F500044D6A /* FavoriteGifs.xcdatamodeld in Sources */,
			);
			runOnlyForDeploymentPostprocessing = 0;
		};
		BA513939242107F800044D6A /* Sources */ = {
			isa = PBXSourcesBuildPhase;
			buildActionMask = 2147483647;
			files = (
				BA513942242107F800044D6A /* FavoriteGifsTests.swift in Sources */,
				BAC0B9122430D3F800B6FEBC /* DetailViewControllerTests.swift in Sources */,
			);
			runOnlyForDeploymentPostprocessing = 0;
		};
		BA513944242107F800044D6A /* Sources */ = {
			isa = PBXSourcesBuildPhase;
			buildActionMask = 2147483647;
			files = (
				BA51394D242107F800044D6A /* FavoriteGifsUITests.swift in Sources */,
			);
			runOnlyForDeploymentPostprocessing = 0;
		};
/* End PBXSourcesBuildPhase section */

/* Begin PBXTargetDependency section */
		BA51393F242107F800044D6A /* PBXTargetDependency */ = {
			isa = PBXTargetDependency;
			target = BA513921242107F500044D6A /* FavoriteGifs */;
			targetProxy = BA51393E242107F800044D6A /* PBXContainerItemProxy */;
		};
		BA51394A242107F800044D6A /* PBXTargetDependency */ = {
			isa = PBXTargetDependency;
			target = BA513921242107F500044D6A /* FavoriteGifs */;
			targetProxy = BA513949242107F800044D6A /* PBXContainerItemProxy */;
		};
/* End PBXTargetDependency section */

/* Begin PBXVariantGroup section */
		BA51392D242107F500044D6A /* Main.storyboard */ = {
			isa = PBXVariantGroup;
			children = (
				BA51392E242107F500044D6A /* Base */,
			);
			name = Main.storyboard;
			sourceTree = "<group>";
		};
		BA513935242107F800044D6A /* LaunchScreen.storyboard */ = {
			isa = PBXVariantGroup;
			children = (
				BA513936242107F800044D6A /* Base */,
			);
			name = LaunchScreen.storyboard;
			sourceTree = "<group>";
		};
/* End PBXVariantGroup section */

/* Begin XCBuildConfiguration section */
		BA51394F242107F800044D6A /* Debug */ = {
			isa = XCBuildConfiguration;
			buildSettings = {
				ALWAYS_SEARCH_USER_PATHS = NO;
				CLANG_ANALYZER_NONNULL = YES;
				CLANG_ANALYZER_NUMBER_OBJECT_CONVERSION = YES_AGGRESSIVE;
				CLANG_CXX_LANGUAGE_STANDARD = "gnu++14";
				CLANG_CXX_LIBRARY = "libc++";
				CLANG_ENABLE_MODULES = YES;
				CLANG_ENABLE_OBJC_ARC = YES;
				CLANG_ENABLE_OBJC_WEAK = YES;
				CLANG_WARN_BLOCK_CAPTURE_AUTORELEASING = YES;
				CLANG_WARN_BOOL_CONVERSION = YES;
				CLANG_WARN_COMMA = YES;
				CLANG_WARN_CONSTANT_CONVERSION = YES;
				CLANG_WARN_DEPRECATED_OBJC_IMPLEMENTATIONS = YES;
				CLANG_WARN_DIRECT_OBJC_ISA_USAGE = YES_ERROR;
				CLANG_WARN_DOCUMENTATION_COMMENTS = YES;
				CLANG_WARN_EMPTY_BODY = YES;
				CLANG_WARN_ENUM_CONVERSION = YES;
				CLANG_WARN_INFINITE_RECURSION = YES;
				CLANG_WARN_INT_CONVERSION = YES;
				CLANG_WARN_NON_LITERAL_NULL_CONVERSION = YES;
				CLANG_WARN_OBJC_IMPLICIT_RETAIN_SELF = YES;
				CLANG_WARN_OBJC_LITERAL_CONVERSION = YES;
				CLANG_WARN_OBJC_ROOT_CLASS = YES_ERROR;
				CLANG_WARN_RANGE_LOOP_ANALYSIS = YES;
				CLANG_WARN_STRICT_PROTOTYPES = YES;
				CLANG_WARN_SUSPICIOUS_MOVE = YES;
				CLANG_WARN_UNGUARDED_AVAILABILITY = YES_AGGRESSIVE;
				CLANG_WARN_UNREACHABLE_CODE = YES;
				CLANG_WARN__DUPLICATE_METHOD_MATCH = YES;
				COPY_PHASE_STRIP = NO;
				DEBUG_INFORMATION_FORMAT = dwarf;
				ENABLE_STRICT_OBJC_MSGSEND = YES;
				ENABLE_TESTABILITY = YES;
				GCC_C_LANGUAGE_STANDARD = gnu11;
				GCC_DYNAMIC_NO_PIC = NO;
				GCC_NO_COMMON_BLOCKS = YES;
				GCC_OPTIMIZATION_LEVEL = 0;
				GCC_PREPROCESSOR_DEFINITIONS = (
					"DEBUG=1",
					"$(inherited)",
				);
				GCC_WARN_64_TO_32_BIT_CONVERSION = YES;
				GCC_WARN_ABOUT_RETURN_TYPE = YES_ERROR;
				GCC_WARN_UNDECLARED_SELECTOR = YES;
				GCC_WARN_UNINITIALIZED_AUTOS = YES_AGGRESSIVE;
				GCC_WARN_UNUSED_FUNCTION = YES;
				GCC_WARN_UNUSED_VARIABLE = YES;
				IPHONEOS_DEPLOYMENT_TARGET = 13.2;
				MTL_ENABLE_DEBUG_INFO = INCLUDE_SOURCE;
				MTL_FAST_MATH = YES;
				ONLY_ACTIVE_ARCH = YES;
				SDKROOT = iphoneos;
				SWIFT_ACTIVE_COMPILATION_CONDITIONS = DEBUG;
				SWIFT_OPTIMIZATION_LEVEL = "-Onone";
			};
			name = Debug;
		};
		BA513950242107F800044D6A /* Release */ = {
			isa = XCBuildConfiguration;
			buildSettings = {
				ALWAYS_SEARCH_USER_PATHS = NO;
				CLANG_ANALYZER_NONNULL = YES;
				CLANG_ANALYZER_NUMBER_OBJECT_CONVERSION = YES_AGGRESSIVE;
				CLANG_CXX_LANGUAGE_STANDARD = "gnu++14";
				CLANG_CXX_LIBRARY = "libc++";
				CLANG_ENABLE_MODULES = YES;
				CLANG_ENABLE_OBJC_ARC = YES;
				CLANG_ENABLE_OBJC_WEAK = YES;
				CLANG_WARN_BLOCK_CAPTURE_AUTORELEASING = YES;
				CLANG_WARN_BOOL_CONVERSION = YES;
				CLANG_WARN_COMMA = YES;
				CLANG_WARN_CONSTANT_CONVERSION = YES;
				CLANG_WARN_DEPRECATED_OBJC_IMPLEMENTATIONS = YES;
				CLANG_WARN_DIRECT_OBJC_ISA_USAGE = YES_ERROR;
				CLANG_WARN_DOCUMENTATION_COMMENTS = YES;
				CLANG_WARN_EMPTY_BODY = YES;
				CLANG_WARN_ENUM_CONVERSION = YES;
				CLANG_WARN_INFINITE_RECURSION = YES;
				CLANG_WARN_INT_CONVERSION = YES;
				CLANG_WARN_NON_LITERAL_NULL_CONVERSION = YES;
				CLANG_WARN_OBJC_IMPLICIT_RETAIN_SELF = YES;
				CLANG_WARN_OBJC_LITERAL_CONVERSION = YES;
				CLANG_WARN_OBJC_ROOT_CLASS = YES_ERROR;
				CLANG_WARN_RANGE_LOOP_ANALYSIS = YES;
				CLANG_WARN_STRICT_PROTOTYPES = YES;
				CLANG_WARN_SUSPICIOUS_MOVE = YES;
				CLANG_WARN_UNGUARDED_AVAILABILITY = YES_AGGRESSIVE;
				CLANG_WARN_UNREACHABLE_CODE = YES;
				CLANG_WARN__DUPLICATE_METHOD_MATCH = YES;
				COPY_PHASE_STRIP = NO;
				DEBUG_INFORMATION_FORMAT = "dwarf-with-dsym";
				ENABLE_NS_ASSERTIONS = NO;
				ENABLE_STRICT_OBJC_MSGSEND = YES;
				GCC_C_LANGUAGE_STANDARD = gnu11;
				GCC_NO_COMMON_BLOCKS = YES;
				GCC_WARN_64_TO_32_BIT_CONVERSION = YES;
				GCC_WARN_ABOUT_RETURN_TYPE = YES_ERROR;
				GCC_WARN_UNDECLARED_SELECTOR = YES;
				GCC_WARN_UNINITIALIZED_AUTOS = YES_AGGRESSIVE;
				GCC_WARN_UNUSED_FUNCTION = YES;
				GCC_WARN_UNUSED_VARIABLE = YES;
				IPHONEOS_DEPLOYMENT_TARGET = 13.2;
				MTL_ENABLE_DEBUG_INFO = NO;
				MTL_FAST_MATH = YES;
				SDKROOT = iphoneos;
				SWIFT_COMPILATION_MODE = wholemodule;
				SWIFT_OPTIMIZATION_LEVEL = "-O";
				VALIDATE_PRODUCT = YES;
			};
			name = Release;
		};
		BA513952242107F800044D6A /* Debug */ = {
			isa = XCBuildConfiguration;
			buildSettings = {
				ASSETCATALOG_COMPILER_APPICON_NAME = AppIcon;
				CODE_SIGN_STYLE = Automatic;
				DEVELOPMENT_TEAM = ZG4AJ93ZN7;
				INFOPLIST_FILE = FavoriteGifs/Info.plist;
				LD_RUNPATH_SEARCH_PATHS = (
					"$(inherited)",
					"@executable_path/Frameworks",
				);
				PRODUCT_BUNDLE_IDENTIFIER = com.doInsight.FavoriteGifs;
				PRODUCT_NAME = "$(TARGET_NAME)";
				SWIFT_VERSION = 5.0;
				TARGETED_DEVICE_FAMILY = "1,2";
			};
			name = Debug;
		};
		BA513953242107F800044D6A /* Release */ = {
			isa = XCBuildConfiguration;
			buildSettings = {
				ASSETCATALOG_COMPILER_APPICON_NAME = AppIcon;
				CODE_SIGN_STYLE = Automatic;
				DEVELOPMENT_TEAM = ZG4AJ93ZN7;
				INFOPLIST_FILE = FavoriteGifs/Info.plist;
				LD_RUNPATH_SEARCH_PATHS = (
					"$(inherited)",
					"@executable_path/Frameworks",
				);
				PRODUCT_BUNDLE_IDENTIFIER = com.doInsight.FavoriteGifs;
				PRODUCT_NAME = "$(TARGET_NAME)";
				SWIFT_VERSION = 5.0;
				TARGETED_DEVICE_FAMILY = "1,2";
			};
			name = Release;
		};
		BA513955242107F800044D6A /* Debug */ = {
			isa = XCBuildConfiguration;
			buildSettings = {
				ALWAYS_EMBED_SWIFT_STANDARD_LIBRARIES = YES;
				BUNDLE_LOADER = "$(TEST_HOST)";
				CODE_SIGN_STYLE = Automatic;
				DEVELOPMENT_TEAM = ZG4AJ93ZN7;
				INFOPLIST_FILE = FavoriteGifsTests/Info.plist;
				IPHONEOS_DEPLOYMENT_TARGET = 13.2;
				LD_RUNPATH_SEARCH_PATHS = (
					"$(inherited)",
					"@executable_path/Frameworks",
					"@loader_path/Frameworks",
				);
				PRODUCT_BUNDLE_IDENTIFIER = com.doInsight.FavoriteGifsTests;
				PRODUCT_NAME = "$(TARGET_NAME)";
				SWIFT_VERSION = 5.0;
				TARGETED_DEVICE_FAMILY = "1,2";
				TEST_HOST = "$(BUILT_PRODUCTS_DIR)/FavoriteGifs.app/FavoriteGifs";
			};
			name = Debug;
		};
		BA513956242107F800044D6A /* Release */ = {
			isa = XCBuildConfiguration;
			buildSettings = {
				ALWAYS_EMBED_SWIFT_STANDARD_LIBRARIES = YES;
				BUNDLE_LOADER = "$(TEST_HOST)";
				CODE_SIGN_STYLE = Automatic;
				DEVELOPMENT_TEAM = ZG4AJ93ZN7;
				INFOPLIST_FILE = FavoriteGifsTests/Info.plist;
				IPHONEOS_DEPLOYMENT_TARGET = 13.2;
				LD_RUNPATH_SEARCH_PATHS = (
					"$(inherited)",
					"@executable_path/Frameworks",
					"@loader_path/Frameworks",
				);
				PRODUCT_BUNDLE_IDENTIFIER = com.doInsight.FavoriteGifsTests;
				PRODUCT_NAME = "$(TARGET_NAME)";
				SWIFT_VERSION = 5.0;
				TARGETED_DEVICE_FAMILY = "1,2";
				TEST_HOST = "$(BUILT_PRODUCTS_DIR)/FavoriteGifs.app/FavoriteGifs";
			};
			name = Release;
		};
		BA513958242107F800044D6A /* Debug */ = {
			isa = XCBuildConfiguration;
			buildSettings = {
				ALWAYS_EMBED_SWIFT_STANDARD_LIBRARIES = YES;
				CODE_SIGN_STYLE = Automatic;
				DEVELOPMENT_TEAM = ZG4AJ93ZN7;
				INFOPLIST_FILE = FavoriteGifsUITests/Info.plist;
				LD_RUNPATH_SEARCH_PATHS = (
					"$(inherited)",
					"@executable_path/Frameworks",
					"@loader_path/Frameworks",
				);
				PRODUCT_BUNDLE_IDENTIFIER = com.doInsight.FavoriteGifsUITests;
				PRODUCT_NAME = "$(TARGET_NAME)";
				SWIFT_VERSION = 5.0;
				TARGETED_DEVICE_FAMILY = "1,2";
				TEST_TARGET_NAME = FavoriteGifs;
			};
			name = Debug;
		};
		BA513959242107F800044D6A /* Release */ = {
			isa = XCBuildConfiguration;
			buildSettings = {
				ALWAYS_EMBED_SWIFT_STANDARD_LIBRARIES = YES;
				CODE_SIGN_STYLE = Automatic;
				DEVELOPMENT_TEAM = ZG4AJ93ZN7;
				INFOPLIST_FILE = FavoriteGifsUITests/Info.plist;
				LD_RUNPATH_SEARCH_PATHS = (
					"$(inherited)",
					"@executable_path/Frameworks",
					"@loader_path/Frameworks",
				);
				PRODUCT_BUNDLE_IDENTIFIER = com.doInsight.FavoriteGifsUITests;
				PRODUCT_NAME = "$(TARGET_NAME)";
				SWIFT_VERSION = 5.0;
				TARGETED_DEVICE_FAMILY = "1,2";
				TEST_TARGET_NAME = FavoriteGifs;
			};
			name = Release;
		};
/* End XCBuildConfiguration section */

/* Begin XCConfigurationList section */
		BA51391D242107F500044D6A /* Build configuration list for PBXProject "FavoriteGifs" */ = {
			isa = XCConfigurationList;
			buildConfigurations = (
				BA51394F242107F800044D6A /* Debug */,
				BA513950242107F800044D6A /* Release */,
			);
			defaultConfigurationIsVisible = 0;
			defaultConfigurationName = Release;
		};
		BA513951242107F800044D6A /* Build configuration list for PBXNativeTarget "FavoriteGifs" */ = {
			isa = XCConfigurationList;
			buildConfigurations = (
				BA513952242107F800044D6A /* Debug */,
				BA513953242107F800044D6A /* Release */,
			);
			defaultConfigurationIsVisible = 0;
			defaultConfigurationName = Release;
		};
		BA513954242107F800044D6A /* Build configuration list for PBXNativeTarget "FavoriteGifsTests" */ = {
			isa = XCConfigurationList;
			buildConfigurations = (
				BA513955242107F800044D6A /* Debug */,
				BA513956242107F800044D6A /* Release */,
			);
			defaultConfigurationIsVisible = 0;
			defaultConfigurationName = Release;
		};
		BA513957242107F800044D6A /* Build configuration list for PBXNativeTarget "FavoriteGifsUITests" */ = {
			isa = XCConfigurationList;
			buildConfigurations = (
				BA513958242107F800044D6A /* Debug */,
				BA513959242107F800044D6A /* Release */,
			);
			defaultConfigurationIsVisible = 0;
			defaultConfigurationName = Release;
		};
/* End XCConfigurationList section */

/* Begin XCVersionGroup section */
		BA513930242107F500044D6A /* FavoriteGifs.xcdatamodeld */ = {
			isa = XCVersionGroup;
			children = (
				BA513931242107F500044D6A /* FavoriteGifs.xcdatamodel */,
			);
			currentVersion = BA513931242107F500044D6A /* FavoriteGifs.xcdatamodel */;
			path = FavoriteGifs.xcdatamodeld;
			sourceTree = "<group>";
			versionGroupType = wrapper.xcdatamodel;
		};
/* End XCVersionGroup section */
	};
	rootObject = BA51391A242107F500044D6A /* Project object */;
}
